
Microsoft Visual Studio Solution File, Format Version 12.00
# Visual Studio Version 17
VisualStudioVersion = 17.0.31903.59
MinimumVisualStudioVersion = 10.0.40219.1
Project("{2150E333-8FDC-42A3-9474-1A3956D46DE8}") = "Shared", "Shared", "{4F52FD11-658E-A102-6CD3-7D7C16FFA15B}"
EndProject
Project("{FAE04EC0-301F-11D3-BF4B-00C04F79EFBC}") = "Shared.Domain", "src\Shared\Shared.Domain\Shared.Domain.csproj", "{14502580-485A-4444-A0E3-9CB92AAD6BC1}"
EndProject
Project("{FAE04EC0-301F-11D3-BF4B-00C04F79EFBC}") = "Shared.Application", "src\Shared\Shared.Application\Shared.Application.csproj", "{CF7891FD-D0CE-4F4E-9B86-5B03D55C2010}"
EndProject
Project("{2150E333-8FDC-42A3-9474-1A3956D46DE8}") = "Services", "Services", "{5854FF58-B8C5-05C6-5BF2-ACE42193F22B}"
EndProject
Project("{2150E333-8FDC-42A3-9474-1A3956D46DE8}") = "Identity", "Identity", "{357A7C97-5AE1-023F-1442-0D9F9AF22A31}"
EndProject
Project("{FAE04EC0-301F-11D3-BF4B-00C04F79EFBC}") = "Identity.Domain", "src\Services\Identity\Identity.Domain\Identity.Domain.csproj", "{75CC27FD-85C2-4559-9C38-AC150CDFC69A}"
EndProject
Project("{FAE04EC0-301F-11D3-BF4B-00C04F79EFBC}") = "Identity.Application", "src\Services\Identity\Identity.Application\Identity.Application.csproj", "{835E228E-FFDC-4542-A628-D4922BD757B4}"
EndProject
Project("{FAE04EC0-301F-11D3-BF4B-00C04F79EFBC}") = "Identity.Infrastructure", "src\Services\Identity\Identity.Infrastructure\Identity.Infrastructure.csproj", "{D5A5E8D1-8733-4CFF-A5DD-BA6F2C907C9E}"
EndProject
Project("{FAE04EC0-301F-11D3-BF4B-00C04F79EFBC}") = "Identity.API", "src\Services\Identity\Identity.API\Identity.API.csproj", "{5DA3AEFB-280C-4FAF-918D-5709530E8D3F}"
EndProject
Project("{FAE04EC0-301F-11D3-BF4B-00C04F79EFBC}") = "Identity.Tests", "src\Services\Identity\Identity.Tests\Identity.Tests.csproj", "{47E61BED-F766-4059-98B7-4DF9978EF40A}"
EndProject
Global
	GlobalSection(SolutionConfigurationPlatforms) = preSolution
		Debug|Any CPU = Debug|Any CPU
		Debug|x64 = Debug|x64
		Debug|x86 = Debug|x86
		Release|Any CPU = Release|Any CPU
		Release|x64 = Release|x64
		Release|x86 = Release|x86
	EndGlobalSection
	GlobalSection(ProjectConfigurationPlatforms) = postSolution
		{14502580-485A-4444-A0E3-9CB92AAD6BC1}.Debug|Any CPU.ActiveCfg = Debug|Any CPU
		{14502580-485A-4444-A0E3-9CB92AAD6BC1}.Debug|Any CPU.Build.0 = Debug|Any CPU
		{14502580-485A-4444-A0E3-9CB92AAD6BC1}.Debug|x64.ActiveCfg = Debug|Any CPU
		{14502580-485A-4444-A0E3-9CB92AAD6BC1}.Debug|x64.Build.0 = Debug|Any CPU
		{14502580-485A-4444-A0E3-9CB92AAD6BC1}.Debug|x86.ActiveCfg = Debug|Any CPU
		{14502580-485A-4444-A0E3-9CB92AAD6BC1}.Debug|x86.Build.0 = Debug|Any CPU
		{14502580-485A-4444-A0E3-9CB92AAD6BC1}.Release|Any CPU.ActiveCfg = Release|Any CPU
		{14502580-485A-4444-A0E3-9CB92AAD6BC1}.Release|Any CPU.Build.0 = Release|Any CPU
		{14502580-485A-4444-A0E3-9CB92AAD6BC1}.Release|x64.ActiveCfg = Release|Any CPU
		{14502580-485A-4444-A0E3-9CB92AAD6BC1}.Release|x64.Build.0 = Release|Any CPU
		{14502580-485A-4444-A0E3-9CB92AAD6BC1}.Release|x86.ActiveCfg = Release|Any CPU
		{14502580-485A-4444-A0E3-9CB92AAD6BC1}.Release|x86.Build.0 = Release|Any CPU
		{CF7891FD-D0CE-4F4E-9B86-5B03D55C2010}.Debug|Any CPU.ActiveCfg = Debug|Any CPU
		{CF7891FD-D0CE-4F4E-9B86-5B03D55C2010}.Debug|Any CPU.Build.0 = Debug|Any CPU
		{CF7891FD-D0CE-4F4E-9B86-5B03D55C2010}.Debug|x64.ActiveCfg = Debug|Any CPU
		{CF7891FD-D0CE-4F4E-9B86-5B03D55C2010}.Debug|x64.Build.0 = Debug|Any CPU
		{CF7891FD-D0CE-4F4E-9B86-5B03D55C2010}.Debug|x86.ActiveCfg = Debug|Any CPU
		{CF7891FD-D0CE-4F4E-9B86-5B03D55C2010}.Debug|x86.Build.0 = Debug|Any CPU
		{CF7891FD-D0CE-4F4E-9B86-5B03D55C2010}.Release|Any CPU.ActiveCfg = Release|Any CPU
		{CF7891FD-D0CE-4F4E-9B86-5B03D55C2010}.Release|Any CPU.Build.0 = Release|Any CPU
		{CF7891FD-D0CE-4F4E-9B86-5B03D55C2010}.Release|x64.ActiveCfg = Release|Any CPU
		{CF7891FD-D0CE-4F4E-9B86-5B03D55C2010}.Release|x64.Build.0 = Release|Any CPU
		{CF7891FD-D0CE-4F4E-9B86-5B03D55C2010}.Release|x86.ActiveCfg = Release|Any CPU
		{CF7891FD-D0CE-4F4E-9B86-5B03D55C2010}.Release|x86.Build.0 = Release|Any CPU
		{75CC27FD-85C2-4559-9C38-AC150CDFC69A}.Debug|Any CPU.ActiveCfg = Debug|Any CPU
		{75CC27FD-85C2-4559-9C38-AC150CDFC69A}.Debug|Any CPU.Build.0 = Debug|Any CPU
		{75CC27FD-85C2-4559-9C38-AC150CDFC69A}.Debug|x64.ActiveCfg = Debug|Any CPU
		{75CC27FD-85C2-4559-9C38-AC150CDFC69A}.Debug|x64.Build.0 = Debug|Any CPU
		{75CC27FD-85C2-4559-9C38-AC150CDFC69A}.Debug|x86.ActiveCfg = Debug|Any CPU
		{75CC27FD-85C2-4559-9C38-AC150CDFC69A}.Debug|x86.Build.0 = Debug|Any CPU
		{75CC27FD-85C2-4559-9C38-AC150CDFC69A}.Release|Any CPU.ActiveCfg = Release|Any CPU
		{75CC27FD-85C2-4559-9C38-AC150CDFC69A}.Release|Any CPU.Build.0 = Release|Any CPU
		{75CC27FD-85C2-4559-9C38-AC150CDFC69A}.Release|x64.ActiveCfg = Release|Any CPU
		{75CC27FD-85C2-4559-9C38-AC150CDFC69A}.Release|x64.Build.0 = Release|Any CPU
		{75CC27FD-85C2-4559-9C38-AC150CDFC69A}.Release|x86.ActiveCfg = Release|Any CPU
		{75CC27FD-85C2-4559-9C38-AC150CDFC69A}.Release|x86.Build.0 = Release|Any CPU
		{835E228E-FFDC-4542-A628-D4922BD757B4}.Debug|Any CPU.ActiveCfg = Debug|Any CPU
		{835E228E-FFDC-4542-A628-D4922BD757B4}.Debug|Any CPU.Build.0 = Debug|Any CPU
		{835E228E-FFDC-4542-A628-D4922BD757B4}.Debug|x64.ActiveCfg = Debug|Any CPU
		{835E228E-FFDC-4542-A628-D4922BD757B4}.Debug|x64.Build.0 = Debug|Any CPU
		{835E228E-FFDC-4542-A628-D4922BD757B4}.Debug|x86.ActiveCfg = Debug|Any CPU
		{835E228E-FFDC-4542-A628-D4922BD757B4}.Debug|x86.Build.0 = Debug|Any CPU
		{835E228E-FFDC-4542-A628-D4922BD757B4}.Release|Any CPU.ActiveCfg = Release|Any CPU
		{835E228E-FFDC-4542-A628-D4922BD757B4}.Release|Any CPU.Build.0 = Release|Any CPU
		{835E228E-FFDC-4542-A628-D4922BD757B4}.Release|x64.ActiveCfg = Release|Any CPU
		{835E228E-FFDC-4542-A628-D4922BD757B4}.Release|x64.Build.0 = Release|Any CPU
		{835E228E-FFDC-4542-A628-D4922BD757B4}.Release|x86.ActiveCfg = Release|Any CPU
		{835E228E-FFDC-4542-A628-D4922BD757B4}.Release|x86.Build.0 = Release|Any CPU
		{D5A5E8D1-8733-4CFF-A5DD-BA6F2C907C9E}.Debug|Any CPU.ActiveCfg = Debug|Any CPU
		{D5A5E8D1-8733-4CFF-A5DD-BA6F2C907C9E}.Debug|Any CPU.Build.0 = Debug|Any CPU
		{D5A5E8D1-8733-4CFF-A5DD-BA6F2C907C9E}.Debug|x64.ActiveCfg = Debug|Any CPU
		{D5A5E8D1-8733-4CFF-A5DD-BA6F2C907C9E}.Debug|x64.Build.0 = Debug|Any CPU
		{D5A5E8D1-8733-4CFF-A5DD-BA6F2C907C9E}.Debug|x86.ActiveCfg = Debug|Any CPU
		{D5A5E8D1-8733-4CFF-A5DD-BA6F2C907C9E}.Debug|x86.Build.0 = Debug|Any CPU
		{D5A5E8D1-8733-4CFF-A5DD-BA6F2C907C9E}.Release|Any CPU.ActiveCfg = Release|Any CPU
		{D5A5E8D1-8733-4CFF-A5DD-BA6F2C907C9E}.Release|Any CPU.Build.0 = Release|Any CPU
		{D5A5E8D1-8733-4CFF-A5DD-BA6F2C907C9E}.Release|x64.ActiveCfg = Release|Any CPU
		{D5A5E8D1-8733-4CFF-A5DD-BA6F2C907C9E}.Release|x64.Build.0 = Release|Any CPU
		{D5A5E8D1-8733-4CFF-A5DD-BA6F2C907C9E}.Release|x86.ActiveCfg = Release|Any CPU
		{D5A5E8D1-8733-4CFF-A5DD-BA6F2C907C9E}.Release|x86.Build.0 = Release|Any CPU
		{5DA3AEFB-280C-4FAF-918D-5709530E8D3F}.Debug|Any CPU.ActiveCfg = Debug|Any CPU
		{5DA3AEFB-280C-4FAF-918D-5709530E8D3F}.Debug|Any CPU.Build.0 = Debug|Any CPU
		{5DA3AEFB-280C-4FAF-918D-5709530E8D3F}.Debug|x64.ActiveCfg = Debug|Any CPU
		{5DA3AEFB-280C-4FAF-918D-5709530E8D3F}.Debug|x64.Build.0 = Debug|Any CPU
		{5DA3AEFB-280C-4FAF-918D-5709530E8D3F}.Debug|x86.ActiveCfg = Debug|Any CPU
		{5DA3AEFB-280C-4FAF-918D-5709530E8D3F}.Debug|x86.Build.0 = Debug|Any CPU
		{5DA3AEFB-280C-4FAF-918D-5709530E8D3F}.Release|Any CPU.ActiveCfg = Release|Any CPU
		{5DA3AEFB-280C-4FAF-918D-5709530E8D3F}.Release|Any CPU.Build.0 = Release|Any CPU
		{5DA3AEFB-280C-4FAF-918D-5709530E8D3F}.Release|x64.ActiveCfg = Release|Any CPU
		{5DA3AEFB-280C-4FAF-918D-5709530E8D3F}.Release|x64.Build.0 = Release|Any CPU
		{5DA3AEFB-280C-4FAF-918D-5709530E8D3F}.Release|x86.ActiveCfg = Release|Any CPU
		{5DA3AEFB-280C-4FAF-918D-5709530E8D3F}.Release|x86.Build.0 = Release|Any CPU
		{47E61BED-F766-4059-98B7-4DF9978EF40A}.Debug|Any CPU.ActiveCfg = Debug|Any CPU
		{47E61BED-F766-4059-98B7-4DF9978EF40A}.Debug|Any CPU.Build.0 = Debug|Any CPU
		{47E61BED-F766-4059-98B7-4DF9978EF40A}.Debug|x64.ActiveCfg = Debug|Any CPU
		{47E61BED-F766-4059-98B7-4DF9978EF40A}.Debug|x64.Build.0 = Debug|Any CPU
		{47E61BED-F766-4059-98B7-4DF9978EF40A}.Debug|x86.ActiveCfg = Debug|Any CPU
		{47E61BED-F766-4059-98B7-4DF9978EF40A}.Debug|x86.Build.0 = Debug|Any CPU
		{47E61BED-F766-4059-98B7-4DF9978EF40A}.Release|Any CPU.ActiveCfg = Release|Any CPU
		{47E61BED-F766-4059-98B7-4DF9978EF40A}.Release|Any CPU.Build.0 = Release|Any CPU
		{47E61BED-F766-4059-98B7-4DF9978EF40A}.Release|x64.ActiveCfg = Release|Any CPU
		{47E61BED-F766-4059-98B7-4DF9978EF40A}.Release|x64.Build.0 = Release|Any CPU
		{47E61BED-F766-4059-98B7-4DF9978EF40A}.Release|x86.ActiveCfg = Release|Any CPU
		{47E61BED-F766-4059-98B7-4DF9978EF40A}.Release|x86.Build.0 = Release|Any CPU
	EndGlobalSection
	GlobalSection(SolutionProperties) = preSolution
		HideSolutionNode = FALSE
	EndGlobalSection
	GlobalSection(NestedProjects) = preSolution
		{14502580-485A-4444-A0E3-9CB92AAD6BC1} = {4F52FD11-658E-A102-6CD3-7D7C16FFA15B}
		{CF7891FD-D0CE-4F4E-9B86-5B03D55C2010} = {4F52FD11-658E-A102-6CD3-7D7C16FFA15B}
		{357A7C97-5AE1-023F-1442-0D9F9AF22A31} = {5854FF58-B8C5-05C6-5BF2-ACE42193F22B}
		{75CC27FD-85C2-4559-9C38-AC150CDFC69A} = {357A7C97-5AE1-023F-1442-0D9F9AF22A31}
		{835E228E-FFDC-4542-A628-D4922BD757B4} = {357A7C97-5AE1-023F-1442-0D9F9AF22A31}
		{D5A5E8D1-8733-4CFF-A5DD-BA6F2C907C9E} = {357A7C97-5AE1-023F-1442-0D9F9AF22A31}
		{5DA3AEFB-280C-4FAF-918D-5709530E8D3F} = {357A7C97-5AE1-023F-1442-0D9F9AF22A31}
		{47E61BED-F766-4059-98B7-4DF9978EF40A} = {357A7C97-5AE1-023F-1442-0D9F9AF22A31}
	EndGlobalSection
EndGlobal
